
Microsoft Visual Studio Solution File, Format Version 12.00
# Visual Studio 2012
Project("{FAE04EC0-301F-11D3-BF4B-00C04F79EFBC}") = "CssRewriteUrlTransformTest", "CssRewriteUrlTransformTest\CssRewriteUrlTransformTest.csproj", "{FABF3E29-A5EE-4F06-916D-DEB9B6CEEC5A}"
EndProject
Global
	GlobalSection(SolutionConfigurationPlatforms) = preSolution
		Debug|Any CPU = Debug|Any CPU
		Release|Any CPU = Release|Any CPU
	EndGlobalSection
	GlobalSection(ProjectConfigurationPlatforms) = postSolution
		{FABF3E29-A5EE-4F06-916D-DEB9B6CEEC5A}.Debug|Any CPU.ActiveCfg = Debug|Any CPU
		{FABF3E29-A5EE-4F06-916D-DEB9B6CEEC5A}.Debug|Any CPU.Build.0 = Debug|Any CPU
		{FABF3E29-A5EE-4F06-916D-DEB9B6CEEC5A}.Release|Any CPU.ActiveCfg = Release|Any CPU
		{FABF3E29-A5EE-4F06-916D-DEB9B6CEEC5A}.Release|Any CPU.Build.0 = Release|Any CPU
	EndGlobalSection
	GlobalSection(SolutionProperties) = preSolution
		HideSolutionNode = FALSE
	EndGlobalSection
EndGlobal
